
Microsoft Visual Studio Solution File, Format Version 12.00
# Visual Studio Version 17
VisualStudioVersion = 17.5.33627.172
MinimumVisualStudioVersion = 10.0.40219.1
Project("{FAE04EC0-301F-11D3-BF4B-00C04F79EFBC}") = "Laba2", "Laba2\Laba2.csproj", "{37805E0D-15F3-4A1E-ADF8-BA12EA97677A}"
EndProject
Global
	GlobalSection(SolutionConfigurationPlatforms) = preSolution
		Debug|Any CPU = Debug|Any CPU
		Release|Any CPU = Release|Any CPU
	EndGlobalSection
	GlobalSection(ProjectConfigurationPlatforms) = postSolution
		{37805E0D-15F3-4A1E-ADF8-BA12EA97677A}.Debug|Any CPU.ActiveCfg = Debug|Any CPU
		{37805E0D-15F3-4A1E-ADF8-BA12EA97677A}.Debug|Any CPU.Build.0 = Debug|Any CPU
		{37805E0D-15F3-4A1E-ADF8-BA12EA97677A}.Release|Any CPU.ActiveCfg = Release|Any CPU
		{37805E0D-15F3-4A1E-ADF8-BA12EA97677A}.Release|Any CPU.Build.0 = Release|Any CPU
	EndGlobalSection
	GlobalSection(SolutionProperties) = preSolution
		HideSolutionNode = FALSE
	EndGlobalSection
	GlobalSection(ExtensibilityGlobals) = postSolution
		SolutionGuid = {C54E4FDE-5890-4027-B747-C61FF3B0D74F}
	EndGlobalSection
EndGlobal
